PODS:
  - LTMorphingLabel (0.2.0)
  - MBProgressHUD (0.9.2)
  - YLGIFImage (0.11)

DEPENDENCIES:
  - LTMorphingLabel
  - MBProgressHUD
  - YLGIFImage

SPEC CHECKSUMS:
  LTMorphingLabel: 490aa8e079f9247c7f3130f7d4b1be1d66677377
  MBProgressHUD: 1569cf7ace17a8bac47aabfbb8580a49690386d1
  YLGIFImage: c0ae132fe80e5282b2762a97d14e23ba71a748ae

COCOAPODS: 0.39.0
