// !$*UTF8*$!
{
	archiveVersion = 1;
	classes = {
	};
	objectVersion = 46;
	objects = {

/* Begin PBXBuildFile section */
		C947E0901DAA279900625B72 /* AppDelegate.swift in Sources */ = {isa = PBXBuildFile; fileRef = C947E08F1DAA279900625B72 /* AppDelegate.swift */; };
		C947E0971DAA279900625B72 /* Assets.xcassets in Resources */ = {isa = PBXBuildFile; fileRef = C947E0961DAA279900625B72 /* Assets.xcassets */; };
		C947E09A1DAA279900625B72 /* LaunchScreen.storyboard in Resources */ = {isa = PBXBuildFile; fileRef = C947E0981DAA279900625B72 /* LaunchScreen.storyboard */; };
		C9F860881DBD027E006B1221 /* Messages.framework in Frameworks */ = {isa = PBXBuildFile; fileRef = C9F860871DBD027E006B1221 /* Messages.framework */; };
		C9F8608B1DBD027E006B1221 /* MessagesViewController.swift in Sources */ = {isa = PBXBuildFile; fileRef = C9F8608A1DBD027E006B1221 /* MessagesViewController.swift */; };
		C9F8608E1DBD027E006B1221 /* MainInterface.storyboard in Resources */ = {isa = PBXBuildFile; fileRef = C9F8608C1DBD027E006B1221 /* MainInterface.storyboard */; };
		C9F860901DBD027E006B1221 /* Assets.xcassets in Resources */ = {isa = PBXBuildFile; fileRef = C9F8608F1DBD027E006B1221 /* Assets.xcassets */; };
		C9F860941DBD027E006B1221 /* notGIFMessage.appex in Embed App Extensions */ = {isa = PBXBuildFile; fileRef = C9F860861DBD027E006B1221 /* notGIFMessage.appex */; settings = {ATTRIBUTES = (RemoveHeadersOnCopy, ); }; };
		C9F8615D1DBD0B1C006B1221 /* FontAwesome.otf in Resources */ = {isa = PBXBuildFile; fileRef = C9F861511DBD0B1C006B1221 /* FontAwesome.otf */; };
		C9F8615E1DBD0B1C006B1221 /* FontAwesome.otf in Resources */ = {isa = PBXBuildFile; fileRef = C9F861511DBD0B1C006B1221 /* FontAwesome.otf */; };
		C9F8615F1DBD0B1C006B1221 /* Kenia-Regular.ttf in Resources */ = {isa = PBXBuildFile; fileRef = C9F861521DBD0B1C006B1221 /* Kenia-Regular.ttf */; };
		C9F861601DBD0B1C006B1221 /* Kenia-Regular.ttf in Resources */ = {isa = PBXBuildFile; fileRef = C9F861521DBD0B1C006B1221 /* Kenia-Regular.ttf */; };
		C9F861611DBD0B1C006B1221 /* Shojumaru-Regular.ttf in Resources */ = {isa = PBXBuildFile; fileRef = C9F861531DBD0B1C006B1221 /* Shojumaru-Regular.ttf */; };
		C9F861621DBD0B1C006B1221 /* Shojumaru-Regular.ttf in Resources */ = {isa = PBXBuildFile; fileRef = C9F861531DBD0B1C006B1221 /* Shojumaru-Regular.ttf */; };
		C9F861631DBD0B1C006B1221 /* NotGIFImage.swift in Sources */ = {isa = PBXBuildFile; fileRef = C9F861551DBD0B1C006B1221 /* NotGIFImage.swift */; };
		C9F861641DBD0B1C006B1221 /* NotGIFImage.swift in Sources */ = {isa = PBXBuildFile; fileRef = C9F861551DBD0B1C006B1221 /* NotGIFImage.swift */; };
		C9F861651DBD0B1C006B1221 /* NotGIFImageView.swift in Sources */ = {isa = PBXBuildFile; fileRef = C9F861561DBD0B1C006B1221 /* NotGIFImageView.swift */; };
		C9F861661DBD0B1C006B1221 /* NotGIFImageView.swift in Sources */ = {isa = PBXBuildFile; fileRef = C9F861561DBD0B1C006B1221 /* NotGIFImageView.swift */; };
		C9F861671DBD0B1C006B1221 /* NotGIFLibrary.swift in Sources */ = {isa = PBXBuildFile; fileRef = C9F861571DBD0B1C006B1221 /* NotGIFLibrary.swift */; };
		C9F861681DBD0B1C006B1221 /* NotGIFLibrary.swift in Sources */ = {isa = PBXBuildFile; fileRef = C9F861571DBD0B1C006B1221 /* NotGIFLibrary.swift */; };
		C9F8616B1DBD0B1C006B1221 /* ATUtility.swift in Sources */ = {isa = PBXBuildFile; fileRef = C9F8615A1DBD0B1C006B1221 /* ATUtility.swift */; };
		C9F8616C1DBD0B1C006B1221 /* ATUtility.swift in Sources */ = {isa = PBXBuildFile; fileRef = C9F8615A1DBD0B1C006B1221 /* ATUtility.swift */; };
		C9F8616D1DBD0B1C006B1221 /* DebugLog.swift in Sources */ = {isa = PBXBuildFile; fileRef = C9F8615B1DBD0B1C006B1221 /* DebugLog.swift */; };
		C9F8616E1DBD0B1C006B1221 /* DebugLog.swift in Sources */ = {isa = PBXBuildFile; fileRef = C9F8615B1DBD0B1C006B1221 /* DebugLog.swift */; };
		C9F861731DBD0BBA006B1221 /* ATAlert.swift in Sources */ = {isa = PBXBuildFile; fileRef = C9F861711DBD0BBA006B1221 /* ATAlert.swift */; };
		C9F861741DBD0BBA006B1221 /* ATAlert.swift in Sources */ = {isa = PBXBuildFile; fileRef = C9F861711DBD0BBA006B1221 /* ATAlert.swift */; };
		C9F861751DBD0BBA006B1221 /* FontAwesome.swift in Sources */ = {isa = PBXBuildFile; fileRef = C9F861721DBD0BBA006B1221 /* FontAwesome.swift */; };
		C9F861761DBD0BBA006B1221 /* FontAwesome.swift in Sources */ = {isa = PBXBuildFile; fileRef = C9F861721DBD0BBA006B1221 /* FontAwesome.swift */; };
		C9F861881DBD0BD6006B1221 /* AccountTableViewController.swift in Sources */ = {isa = PBXBuildFile; fileRef = C9F861781DBD0BD6006B1221 /* AccountTableViewController.swift */; };
		C9F861891DBD0BD6006B1221 /* ComposeViewController.swift in Sources */ = {isa = PBXBuildFile; fileRef = C9F861791DBD0BD6006B1221 /* ComposeViewController.swift */; };
		C9F8618A1DBD0BD6006B1221 /* GIFDetailViewController.swift in Sources */ = {isa = PBXBuildFile; fileRef = C9F8617A1DBD0BD6006B1221 /* GIFDetailViewController.swift */; };
		C9F8618B1DBD0BD6006B1221 /* GIFListViewController.swift in Sources */ = {isa = PBXBuildFile; fileRef = C9F8617B1DBD0BD6006B1221 /* GIFListViewController.swift */; };
		C9F8618C1DBD0BD6006B1221 /* OpenShare.swift in Sources */ = {isa = PBXBuildFile; fileRef = C9F8617D1DBD0BD6006B1221 /* OpenShare.swift */; };
		C9F8618D1DBD0BD6006B1221 /* SLRequestManger.swift in Sources */ = {isa = PBXBuildFile; fileRef = C9F8617E1DBD0BD6006B1221 /* SLRequestManger.swift */; };
		C9F8618E1DBD0BD6006B1221 /* FPSLabel.swift in Sources */ = {isa = PBXBuildFile; fileRef = C9F861801DBD0BD6006B1221 /* FPSLabel.swift */; };
		C9F8618F1DBD0BD6006B1221 /* GIFDetailViewCell.swift in Sources */ = {isa = PBXBuildFile; fileRef = C9F861811DBD0BD6006B1221 /* GIFDetailViewCell.swift */; };
		C9F861901DBD0BD6006B1221 /* GIFInfoLabel.swift in Sources */ = {isa = PBXBuildFile; fileRef = C9F861821DBD0BD6006B1221 /* GIFInfoLabel.swift */; };
		C9F861921DBD0BD6006B1221 /* GIFLisViewCell.swift in Sources */ = {isa = PBXBuildFile; fileRef = C9F861841DBD0BD6006B1221 /* GIFLisViewCell.swift */; };
		C9F861931DBD0BD6006B1221 /* GIFShareBar.swift in Sources */ = {isa = PBXBuildFile; fileRef = C9F861851DBD0BD6006B1221 /* GIFShareBar.swift */; };
		C9F861941DBD0BD6006B1221 /* StatusBarLoadingLayer.swift in Sources */ = {isa = PBXBuildFile; fileRef = C9F861861DBD0BD6006B1221 /* StatusBarLoadingLayer.swift */; };
		C9F861951DBD0BD6006B1221 /* StatusBarToast.swift in Sources */ = {isa = PBXBuildFile; fileRef = C9F861871DBD0BD6006B1221 /* StatusBarToast.swift */; };
		C9F861A91DBD1046006B1221 /* MGIFLisViewCell.swift in Sources */ = {isa = PBXBuildFile; fileRef = C9F861A81DBD1046006B1221 /* MGIFLisViewCell.swift */; };
		C9F861AB1DBD104F006B1221 /* MGIFListViewController.swift in Sources */ = {isa = PBXBuildFile; fileRef = C9F861AA1DBD104F006B1221 /* MGIFListViewController.swift */; };
		C9F861AF1DBF98F2006B1221 /* MBHUD.swift in Sources */ = {isa = PBXBuildFile; fileRef = C9F861AE1DBF98F2006B1221 /* MBHUD.swift */; };
		C9F861B01DBF98F2006B1221 /* MBHUD.swift in Sources */ = {isa = PBXBuildFile; fileRef = C9F861AE1DBF98F2006B1221 /* MBHUD.swift */; };
		C9F861B31DC09503006B1221 /* GIFListLayout.swift in Sources */ = {isa = PBXBuildFile; fileRef = C9F861B21DC09503006B1221 /* GIFListLayout.swift */; };
		C9F861B41DC09503006B1221 /* GIFListLayout.swift in Sources */ = {isa = PBXBuildFile; fileRef = C9F861B21DC09503006B1221 /* GIFListLayout.swift */; };
		C9F861B81DC0A0C9006B1221 /* Assets.xcassets in Resources */ = {isa = PBXBuildFile; fileRef = C947E0961DAA279900625B72 /* Assets.xcassets */; };
		C9F861BC1DC0C22B006B1221 /* IndicatorView.swift in Sources */ = {isa = PBXBuildFile; fileRef = C9F861BB1DC0C22B006B1221 /* IndicatorView.swift */; };
		C9F861BD1DC0C22B006B1221 /* IndicatorView.swift in Sources */ = {isa = PBXBuildFile; fileRef = C9F861BB1DC0C22B006B1221 /* IndicatorView.swift */; };
		D0059755BF0A4A8ED99FB80E /* Pods_notGIFMessage.framework in Frameworks */ = {isa = PBXBuildFile; fileRef = 77787802832EB1AFAF109C0C /* Pods_notGIFMessage.framework */; };
		F6489894CDB7CC2C39F1B825 /* Pods_notGIF.framework in Frameworks */ = {isa = PBXBuildFile; fileRef = B7989C9163A7614ED2EDFD44 /* Pods_notGIF.framework */; };
/* End PBXBuildFile section */

/* Begin PBXContainerItemProxy section */
		C9F860921DBD027E006B1221 /* PBXContainerItemProxy */ = {
			isa = PBXContainerItemProxy;
			containerPortal = C947E0841DAA279900625B72 /* Project object */;
			proxyType = 1;
			remoteGlobalIDString = C9F860851DBD027E006B1221;
			remoteInfo = notGIFMessage;
		};
/* End PBXContainerItemProxy section */

/* Begin PBXCopyFilesBuildPhase section */
		C9F860981DBD027E006B1221 /* Embed App Extensions */ = {
			isa = PBXCopyFilesBuildPhase;
			buildActionMask = 2147483647;
			dstPath = "";
			dstSubfolderSpec = 13;
			files = (
				C9F860941DBD027E006B1221 /* notGIFMessage.appex in Embed App Extensions */,
			);
			name = "Embed App Extensions";
			runOnlyForDeploymentPostprocessing = 0;
		};
/* End PBXCopyFilesBuildPhase section */

/* Begin PBXFileReference section */
		117F574B007756B6F4EC37EA /* Pods-notGIFMessage.debug.xcconfig */ = {isa = PBXFileReference; includeInIndex = 1; lastKnownFileType = text.xcconfig; name = "Pods-notGIFMessage.debug.xcconfig"; path = "Pods/Target Support Files/Pods-notGIFMessage/Pods-notGIFMessage.debug.xcconfig"; sourceTree = "<group>"; };
		25FEBD5B3FC0320DFA349F80 /* Pods-notGIFMessage.release.xcconfig */ = {isa = PBXFileReference; includeInIndex = 1; lastKnownFileType = text.xcconfig; name = "Pods-notGIFMessage.release.xcconfig"; path = "Pods/Target Support Files/Pods-notGIFMessage/Pods-notGIFMessage.release.xcconfig"; sourceTree = "<group>"; };
		5E83B6C1B2758C67408FBD2A /* Pods-notGIF.release.xcconfig */ = {isa = PBXFileReference; includeInIndex = 1; lastKnownFileType = text.xcconfig; name = "Pods-notGIF.release.xcconfig"; path = "Pods/Target Support Files/Pods-notGIF/Pods-notGIF.release.xcconfig"; sourceTree = "<group>"; };
		77787802832EB1AFAF109C0C /* Pods_notGIFMessage.framework */ = {isa = PBXFileReference; explicitFileType = wrapper.framework; includeInIndex = 0; path = Pods_notGIFMessage.framework; sourceTree = BUILT_PRODUCTS_DIR; };
		99390F0FC548DA7E562C6B7B /* Pods-notGIF.debug.xcconfig */ = {isa = PBXFileReference; includeInIndex = 1; lastKnownFileType = text.xcconfig; name = "Pods-notGIF.debug.xcconfig"; path = "Pods/Target Support Files/Pods-notGIF/Pods-notGIF.debug.xcconfig"; sourceTree = "<group>"; };
		B7989C9163A7614ED2EDFD44 /* Pods_notGIF.framework */ = {isa = PBXFileReference; explicitFileType = wrapper.framework; includeInIndex = 0; path = Pods_notGIF.framework; sourceTree = BUILT_PRODUCTS_DIR; };
		C947E08C1DAA279900625B72 /* notGIF.app */ = {isa = PBXFileReference; explicitFileType = wrapper.application; includeInIndex = 0; path = notGIF.app; sourceTree = BUILT_PRODUCTS_DIR; };
		C947E08F1DAA279900625B72 /* AppDelegate.swift */ = {isa = PBXFileReference; lastKnownFileType = sourcecode.swift; path = AppDelegate.swift; sourceTree = "<group>"; };
		C947E0961DAA279900625B72 /* Assets.xcassets */ = {isa = PBXFileReference; lastKnownFileType = folder.assetcatalog; path = Assets.xcassets; sourceTree = "<group>"; };
		C947E0991DAA279900625B72 /* Base */ = {isa = PBXFileReference; lastKnownFileType = file.storyboard; name = Base; path = Base.lproj/LaunchScreen.storyboard; sourceTree = "<group>"; };
		C947E09B1DAA279900625B72 /* Info.plist */ = {isa = PBXFileReference; lastKnownFileType = text.plist.xml; path = Info.plist; sourceTree = "<group>"; };
		C9F860861DBD027E006B1221 /* notGIFMessage.appex */ = {isa = PBXFileReference; explicitFileType = "wrapper.app-extension"; includeInIndex = 0; path = notGIFMessage.appex; sourceTree = BUILT_PRODUCTS_DIR; };
		C9F860871DBD027E006B1221 /* Messages.framework */ = {isa = PBXFileReference; lastKnownFileType = wrapper.framework; name = Messages.framework; path = System/Library/Frameworks/Messages.framework; sourceTree = SDKROOT; };
		C9F8608A1DBD027E006B1221 /* MessagesViewController.swift */ = {isa = PBXFileReference; lastKnownFileType = sourcecode.swift; path = MessagesViewController.swift; sourceTree = "<group>"; };
		C9F8608D1DBD027E006B1221 /* Base */ = {isa = PBXFileReference; lastKnownFileType = file.storyboard; name = Base; path = Base.lproj/MainInterface.storyboard; sourceTree = "<group>"; };
		C9F8608F1DBD027E006B1221 /* Assets.xcassets */ = {isa = PBXFileReference; lastKnownFileType = folder.assetcatalog; path = Assets.xcassets; sourceTree = "<group>"; };
		C9F860911DBD027E006B1221 /* Info.plist */ = {isa = PBXFileReference; lastKnownFileType = text.plist.xml; path = Info.plist; sourceTree = "<group>"; };
		C9F861511DBD0B1C006B1221 /* FontAwesome.otf */ = {isa = PBXFileReference; lastKnownFileType = file; path = FontAwesome.otf; sourceTree = "<group>"; };
		C9F861521DBD0B1C006B1221 /* Kenia-Regular.ttf */ = {isa = PBXFileReference; lastKnownFileType = file; path = "Kenia-Regular.ttf"; sourceTree = "<group>"; };
		C9F861531DBD0B1C006B1221 /* Shojumaru-Regular.ttf */ = {isa = PBXFileReference; lastKnownFileType = file; path = "Shojumaru-Regular.ttf"; sourceTree = "<group>"; };
		C9F861551DBD0B1C006B1221 /* NotGIFImage.swift */ = {isa = PBXFileReference; fileEncoding = 4; lastKnownFileType = sourcecode.swift; path = NotGIFImage.swift; sourceTree = "<group>"; };
		C9F861561DBD0B1C006B1221 /* NotGIFImageView.swift */ = {isa = PBXFileReference; fileEncoding = 4; lastKnownFileType = sourcecode.swift; path = NotGIFImageView.swift; sourceTree = "<group>"; };
		C9F861571DBD0B1C006B1221 /* NotGIFLibrary.swift */ = {isa = PBXFileReference; fileEncoding = 4; lastKnownFileType = sourcecode.swift; path = NotGIFLibrary.swift; sourceTree = "<group>"; };
		C9F8615A1DBD0B1C006B1221 /* ATUtility.swift */ = {isa = PBXFileReference; fileEncoding = 4; lastKnownFileType = sourcecode.swift; path = ATUtility.swift; sourceTree = "<group>"; };
		C9F8615B1DBD0B1C006B1221 /* DebugLog.swift */ = {isa = PBXFileReference; fileEncoding = 4; lastKnownFileType = sourcecode.swift; path = DebugLog.swift; sourceTree = "<group>"; };
		C9F861711DBD0BBA006B1221 /* ATAlert.swift */ = {isa = PBXFileReference; fileEncoding = 4; lastKnownFileType = sourcecode.swift; path = ATAlert.swift; sourceTree = "<group>"; };
		C9F861721DBD0BBA006B1221 /* FontAwesome.swift */ = {isa = PBXFileReference; fileEncoding = 4; lastKnownFileType = sourcecode.swift; path = FontAwesome.swift; sourceTree = "<group>"; };
		C9F861781DBD0BD6006B1221 /* AccountTableViewController.swift */ = {isa = PBXFileReference; fileEncoding = 4; lastKnownFileType = sourcecode.swift; path = AccountTableViewController.swift; sourceTree = "<group>"; };
		C9F861791DBD0BD6006B1221 /* ComposeViewController.swift */ = {isa = PBXFileReference; fileEncoding = 4; lastKnownFileType = sourcecode.swift; path = ComposeViewController.swift; sourceTree = "<group>"; };
		C9F8617A1DBD0BD6006B1221 /* GIFDetailViewController.swift */ = {isa = PBXFileReference; fileEncoding = 4; lastKnownFileType = sourcecode.swift; path = GIFDetailViewController.swift; sourceTree = "<group>"; };
		C9F8617B1DBD0BD6006B1221 /* GIFListViewController.swift */ = {isa = PBXFileReference; fileEncoding = 4; lastKnownFileType = sourcecode.swift; path = GIFListViewController.swift; sourceTree = "<group>"; };
		C9F8617D1DBD0BD6006B1221 /* OpenShare.swift */ = {isa = PBXFileReference; fileEncoding = 4; lastKnownFileType = sourcecode.swift; path = OpenShare.swift; sourceTree = "<group>"; };
		C9F8617E1DBD0BD6006B1221 /* SLRequestManger.swift */ = {isa = PBXFileReference; fileEncoding = 4; lastKnownFileType = sourcecode.swift; path = SLRequestManger.swift; sourceTree = "<group>"; };
		C9F861801DBD0BD6006B1221 /* FPSLabel.swift */ = {isa = PBXFileReference; fileEncoding = 4; lastKnownFileType = sourcecode.swift; path = FPSLabel.swift; sourceTree = "<group>"; };
		C9F861811DBD0BD6006B1221 /* GIFDetailViewCell.swift */ = {isa = PBXFileReference; fileEncoding = 4; lastKnownFileType = sourcecode.swift; path = GIFDetailViewCell.swift; sourceTree = "<group>"; };
		C9F861821DBD0BD6006B1221 /* GIFInfoLabel.swift */ = {isa = PBXFileReference; fileEncoding = 4; lastKnownFileType = sourcecode.swift; path = GIFInfoLabel.swift; sourceTree = "<group>"; };
		C9F861841DBD0BD6006B1221 /* GIFLisViewCell.swift */ = {isa = PBXFileReference; fileEncoding = 4; lastKnownFileType = sourcecode.swift; path = GIFLisViewCell.swift; sourceTree = "<group>"; };
		C9F861851DBD0BD6006B1221 /* GIFShareBar.swift */ = {isa = PBXFileReference; fileEncoding = 4; lastKnownFileType = sourcecode.swift; path = GIFShareBar.swift; sourceTree = "<group>"; };
		C9F861861DBD0BD6006B1221 /* StatusBarLoadingLayer.swift */ = {isa = PBXFileReference; fileEncoding = 4; lastKnownFileType = sourcecode.swift; path = StatusBarLoadingLayer.swift; sourceTree = "<group>"; };
		C9F861871DBD0BD6006B1221 /* StatusBarToast.swift */ = {isa = PBXFileReference; fileEncoding = 4; lastKnownFileType = sourcecode.swift; path = StatusBarToast.swift; sourceTree = "<group>"; };
		C9F861A81DBD1046006B1221 /* MGIFLisViewCell.swift */ = {isa = PBXFileReference; fileEncoding = 4; lastKnownFileType = sourcecode.swift; name = MGIFLisViewCell.swift; path = View/MGIFLisViewCell.swift; sourceTree = "<group>"; };
		C9F861AA1DBD104F006B1221 /* MGIFListViewController.swift */ = {isa = PBXFileReference; fileEncoding = 4; lastKnownFileType = sourcecode.swift; name = MGIFListViewController.swift; path = ViewController/MGIFListViewController.swift; sourceTree = "<group>"; };
		C9F861AE1DBF98F2006B1221 /* MBHUD.swift */ = {isa = PBXFileReference; fileEncoding = 4; lastKnownFileType = sourcecode.swift; path = MBHUD.swift; sourceTree = "<group>"; };
		C9F861B21DC09503006B1221 /* GIFListLayout.swift */ = {isa = PBXFileReference; fileEncoding = 4; lastKnownFileType = sourcecode.swift; path = GIFListLayout.swift; sourceTree = "<group>"; };
		C9F861BB1DC0C22B006B1221 /* IndicatorView.swift */ = {isa = PBXFileReference; fileEncoding = 4; lastKnownFileType = sourcecode.swift; path = IndicatorView.swift; sourceTree = "<group>"; };
/* End PBXFileReference section */

/* Begin PBXFrameworksBuildPhase section */
		C947E0891DAA279900625B72 /* Frameworks */ = {
			isa = PBXFrameworksBuildPhase;
			buildActionMask = 2147483647;
			files = (
				F6489894CDB7CC2C39F1B825 /* Pods_notGIF.framework in Frameworks */,
			);
			runOnlyForDeploymentPostprocessing = 0;
		};
		C9F860831DBD027E006B1221 /* Frameworks */ = {
			isa = PBXFrameworksBuildPhase;
			buildActionMask = 2147483647;
			files = (
				C9F860881DBD027E006B1221 /* Messages.framework in Frameworks */,
				D0059755BF0A4A8ED99FB80E /* Pods_notGIFMessage.framework in Frameworks */,
			);
			runOnlyForDeploymentPostprocessing = 0;
		};
/* End PBXFrameworksBuildPhase section */

/* Begin PBXGroup section */
		2C34D67C976F2BA279457C9E /* Frameworks */ = {
			isa = PBXGroup;
			children = (
				B7989C9163A7614ED2EDFD44 /* Pods_notGIF.framework */,
				C9F860871DBD027E006B1221 /* Messages.framework */,
				77787802832EB1AFAF109C0C /* Pods_notGIFMessage.framework */,
			);
			name = Frameworks;
			sourceTree = "<group>";
		};
		C947E0831DAA279900625B72 = {
			isa = PBXGroup;
			children = (
				C9F8614F1DBD0B1C006B1221 /* Universal */,
				C947E08E1DAA279900625B72 /* notGIF */,
				C9F860891DBD027E006B1221 /* notGIFMessage */,
				C947E08D1DAA279900625B72 /* Products */,
				E3EA69F66433BE76AC6DA675 /* Pods */,
				2C34D67C976F2BA279457C9E /* Frameworks */,
			);
			sourceTree = "<group>";
		};
		C947E08D1DAA279900625B72 /* Products */ = {
			isa = PBXGroup;
			children = (
				C947E08C1DAA279900625B72 /* notGIF.app */,
				C9F860861DBD027E006B1221 /* notGIFMessage.appex */,
			);
			name = Products;
			sourceTree = "<group>";
		};
		C947E08E1DAA279900625B72 /* notGIF */ = {
			isa = PBXGroup;
			children = (
				C947E08F1DAA279900625B72 /* AppDelegate.swift */,
				C9F861771DBD0BD6006B1221 /* Controllers */,
				C9F8617C1DBD0BD6006B1221 /* Service */,
				C9F8617F1DBD0BD6006B1221 /* Views */,
				C947E0A11DAA27B000625B72 /* Supporthings */,
			);
			path = notGIF;
			sourceTree = "<group>";
		};
		C947E0A11DAA27B000625B72 /* Supporthings */ = {
			isa = PBXGroup;
			children = (
				C947E0981DAA279900625B72 /* LaunchScreen.storyboard */,
				C947E0961DAA279900625B72 /* Assets.xcassets */,
				C947E09B1DAA279900625B72 /* Info.plist */,
			);
			name = Supporthings;
			sourceTree = "<group>";
		};
		C9F860891DBD027E006B1221 /* notGIFMessage */ = {
			isa = PBXGroup;
			children = (
				C9F8608A1DBD027E006B1221 /* MessagesViewController.swift */,
				C9F861AA1DBD104F006B1221 /* MGIFListViewController.swift */,
				C9F861A81DBD1046006B1221 /* MGIFLisViewCell.swift */,
				C9F8614E1DBD0ABC006B1221 /* Supporthings */,
			);
			path = notGIFMessage;
			sourceTree = "<group>";
		};
		C9F8614E1DBD0ABC006B1221 /* Supporthings */ = {
			isa = PBXGroup;
			children = (
				C9F8608C1DBD027E006B1221 /* MainInterface.storyboard */,
				C9F8608F1DBD027E006B1221 /* Assets.xcassets */,
				C9F860911DBD027E006B1221 /* Info.plist */,
			);
			name = Supporthings;
			sourceTree = "<group>";
		};
		C9F8614F1DBD0B1C006B1221 /* Universal */ = {
			isa = PBXGroup;
			children = (
				C9F861541DBD0B1C006B1221 /* GIF */,
				C9F861581DBD0B1C006B1221 /* Util */,
				C9F861B11DC09503006B1221 /* View */,
				C9F861501DBD0B1C006B1221 /* Fonts */,
			);
			path = Universal;
			sourceTree = "<group>";
		};
		C9F861501DBD0B1C006B1221 /* Fonts */ = {
			isa = PBXGroup;
			children = (
				C9F861511DBD0B1C006B1221 /* FontAwesome.otf */,
				C9F861521DBD0B1C006B1221 /* Kenia-Regular.ttf */,
				C9F861531DBD0B1C006B1221 /* Shojumaru-Regular.ttf */,
			);
			path = Fonts;
			sourceTree = "<group>";
		};
		C9F861541DBD0B1C006B1221 /* GIF */ = {
			isa = PBXGroup;
			children = (
				C9F861571DBD0B1C006B1221 /* NotGIFLibrary.swift */,
				C9F861551DBD0B1C006B1221 /* NotGIFImage.swift */,
				C9F861561DBD0B1C006B1221 /* NotGIFImageView.swift */,
			);
			path = GIF;
			sourceTree = "<group>";
		};
		C9F861581DBD0B1C006B1221 /* Util */ = {
			isa = PBXGroup;
			children = (
				C9F861AE1DBF98F2006B1221 /* MBHUD.swift */,
				C9F861711DBD0BBA006B1221 /* ATAlert.swift */,
				C9F8615A1DBD0B1C006B1221 /* ATUtility.swift */,
				C9F8615B1DBD0B1C006B1221 /* DebugLog.swift */,
				C9F861721DBD0BBA006B1221 /* FontAwesome.swift */,
			);
			path = Util;
			sourceTree = "<group>";
		};
		C9F861771DBD0BD6006B1221 /* Controllers */ = {
			isa = PBXGroup;
			children = (
				C9F8617B1DBD0BD6006B1221 /* GIFListViewController.swift */,
				C9F8617A1DBD0BD6006B1221 /* GIFDetailViewController.swift */,
				C9F861961DBD0BE0006B1221 /* Compose */,
			);
			path = Controllers;
			sourceTree = "<group>";
		};
		C9F8617C1DBD0BD6006B1221 /* Service */ = {
			isa = PBXGroup;
			children = (
				C9F8617D1DBD0BD6006B1221 /* OpenShare.swift */,
				C9F8617E1DBD0BD6006B1221 /* SLRequestManger.swift */,
			);
			path = Service;
			sourceTree = "<group>";
		};
		C9F8617F1DBD0BD6006B1221 /* Views */ = {
			isa = PBXGroup;
			children = (
				C9F861981DBD0C13006B1221 /* List */,
				C9F861971DBD0BFA006B1221 /* Detail */,
				C9F861991DBD0C2E006B1221 /* Toast */,
			);
			path = Views;
			sourceTree = "<group>";
		};
		C9F861961DBD0BE0006B1221 /* Compose */ = {
			isa = PBXGroup;
			children = (
				C9F861781DBD0BD6006B1221 /* AccountTableViewController.swift */,
				C9F861791DBD0BD6006B1221 /* ComposeViewController.swift */,
			);
			name = Compose;
			sourceTree = "<group>";
		};
		C9F861971DBD0BFA006B1221 /* Detail */ = {
			isa = PBXGroup;
			children = (
				C9F861811DBD0BD6006B1221 /* GIFDetailViewCell.swift */,
				C9F861821DBD0BD6006B1221 /* GIFInfoLabel.swift */,
				C9F861851DBD0BD6006B1221 /* GIFShareBar.swift */,
			);
			name = Detail;
			sourceTree = "<group>";
		};
		C9F861981DBD0C13006B1221 /* List */ = {
			isa = PBXGroup;
			children = (
				C9F861841DBD0BD6006B1221 /* GIFLisViewCell.swift */,
			);
			name = List;
			sourceTree = "<group>";
		};
		C9F861991DBD0C2E006B1221 /* Toast */ = {
			isa = PBXGroup;
			children = (
				C9F861861DBD0BD6006B1221 /* StatusBarLoadingLayer.swift */,
				C9F861871DBD0BD6006B1221 /* StatusBarToast.swift */,
				C9F861801DBD0BD6006B1221 /* FPSLabel.swift */,
			);
			name = Toast;
			sourceTree = "<group>";
		};
		C9F861B11DC09503006B1221 /* View */ = {
			isa = PBXGroup;
			children = (
				C9F861B21DC09503006B1221 /* GIFListLayout.swift */,
				C9F861BB1DC0C22B006B1221 /* IndicatorView.swift */,
			);
			path = View;
			sourceTree = "<group>";
		};
		E3EA69F66433BE76AC6DA675 /* Pods */ = {
			isa = PBXGroup;
			children = (
				99390F0FC548DA7E562C6B7B /* Pods-notGIF.debug.xcconfig */,
				5E83B6C1B2758C67408FBD2A /* Pods-notGIF.release.xcconfig */,
				117F574B007756B6F4EC37EA /* Pods-notGIFMessage.debug.xcconfig */,
				25FEBD5B3FC0320DFA349F80 /* Pods-notGIFMessage.release.xcconfig */,
			);
			name = Pods;
			sourceTree = "<group>";
		};
/* End PBXGroup section */

/* Begin PBXNativeTarget section */
		C947E08B1DAA279900625B72 /* notGIF */ = {
			isa = PBXNativeTarget;
			buildConfigurationList = C947E09E1DAA279900625B72 /* Build configuration list for PBXNativeTarget "notGIF" */;
			buildPhases = (
				4882ECE8F0EECDB6276DFF14 /* [CP] Check Pods Manifest.lock */,
				C947E0881DAA279900625B72 /* Sources */,
				C947E0891DAA279900625B72 /* Frameworks */,
				C947E08A1DAA279900625B72 /* Resources */,
				C8E6FC6FAA8B3E9D33FB6B8A /* [CP] Embed Pods Frameworks */,
				A571311E5F498C2FF2121862 /* [CP] Copy Pods Resources */,
				C9F860981DBD027E006B1221 /* Embed App Extensions */,
			);
			buildRules = (
			);
			dependencies = (
				C9F860931DBD027E006B1221 /* PBXTargetDependency */,
			);
			name = notGIF;
			productName = notGIF;
			productReference = C947E08C1DAA279900625B72 /* notGIF.app */;
			productType = "com.apple.product-type.application";
		};
		C9F860851DBD027E006B1221 /* notGIFMessage */ = {
			isa = PBXNativeTarget;
			buildConfigurationList = C9F860951DBD027E006B1221 /* Build configuration list for PBXNativeTarget "notGIFMessage" */;
			buildPhases = (
				5883E66A575480AA086CEF38 /* [CP] Check Pods Manifest.lock */,
				C9F860821DBD027E006B1221 /* Sources */,
				C9F860831DBD027E006B1221 /* Frameworks */,
				C9F860841DBD027E006B1221 /* Resources */,
				5E8761DBC5466D5B7885BFA6 /* [CP] Copy Pods Resources */,
			);
			buildRules = (
			);
			dependencies = (
			);
			name = notGIFMessage;
			productName = notGIFMessage;
			productReference = C9F860861DBD027E006B1221 /* notGIFMessage.appex */;
			productType = "com.apple.product-type.app-extension.messages";
		};
/* End PBXNativeTarget section */

/* Begin PBXProject section */
		C947E0841DAA279900625B72 /* Project object */ = {
			isa = PBXProject;
			attributes = {
				LastSwiftUpdateCheck = 0800;
				LastUpgradeCheck = 0800;
				ORGANIZATIONNAME = xyz;
				TargetAttributes = {
					C947E08B1DAA279900625B72 = {
						CreatedOnToolsVersion = 8.0;
						DevelopmentTeam = HBGHZ85ABK;
						ProvisioningStyle = Automatic;
					};
					C9F860851DBD027E006B1221 = {
						CreatedOnToolsVersion = 8.0;
						DevelopmentTeam = HBGHZ85ABK;
						ProvisioningStyle = Automatic;
					};
				};
			};
			buildConfigurationList = C947E0871DAA279900625B72 /* Build configuration list for PBXProject "notGIF" */;
			compatibilityVersion = "Xcode 3.2";
			developmentRegion = English;
			hasScannedForEncodings = 0;
			knownRegions = (
				en,
				Base,
			);
			mainGroup = C947E0831DAA279900625B72;
			productRefGroup = C947E08D1DAA279900625B72 /* Products */;
			projectDirPath = "";
			projectRoot = "";
			targets = (
				C947E08B1DAA279900625B72 /* notGIF */,
				C9F860851DBD027E006B1221 /* notGIFMessage */,
			);
		};
/* End PBXProject section */

/* Begin PBXResourcesBuildPhase section */
		C947E08A1DAA279900625B72 /* Resources */ = {
			isa = PBXResourcesBuildPhase;
			buildActionMask = 2147483647;
			files = (
				C9F8615F1DBD0B1C006B1221 /* Kenia-Regular.ttf in Resources */,
				C947E09A1DAA279900625B72 /* LaunchScreen.storyboard in Resources */,
				C947E0971DAA279900625B72 /* Assets.xcassets in Resources */,
				C9F8615D1DBD0B1C006B1221 /* FontAwesome.otf in Resources */,
				C9F861611DBD0B1C006B1221 /* Shojumaru-Regular.ttf in Resources */,
			);
			runOnlyForDeploymentPostprocessing = 0;
		};
		C9F860841DBD027E006B1221 /* Resources */ = {
			isa = PBXResourcesBuildPhase;
			buildActionMask = 2147483647;
			files = (
				C9F861601DBD0B1C006B1221 /* Kenia-Regular.ttf in Resources */,
				C9F860901DBD027E006B1221 /* Assets.xcassets in Resources */,
				C9F8608E1DBD027E006B1221 /* MainInterface.storyboard in Resources */,
				C9F8615E1DBD0B1C006B1221 /* FontAwesome.otf in Resources */,
				C9F861B81DC0A0C9006B1221 /* Assets.xcassets in Resources */,
				C9F861621DBD0B1C006B1221 /* Shojumaru-Regular.ttf in Resources */,
			);
			runOnlyForDeploymentPostprocessing = 0;
		};
/* End PBXResourcesBuildPhase section */

/* Begin PBXShellScriptBuildPhase section */
		4882ECE8F0EECDB6276DFF14 /* [CP] Check Pods Manifest.lock */ = {
			isa = PBXShellScriptBuildPhase;
			buildActionMask = 2147483647;
			files = (
			);
			inputPaths = (
			);
			name = "[CP] Check Pods Manifest.lock";
			outputPaths = (
			);
			runOnlyForDeploymentPostprocessing = 0;
			shellPath = /bin/sh;
			shellScript = "diff \"${PODS_ROOT}/../Podfile.lock\" \"${PODS_ROOT}/Manifest.lock\" > /dev/null\nif [ $? != 0 ] ; then\n    # print error to STDERR\n    echo \"error: The sandbox is not in sync with the Podfile.lock. Run 'pod install' or update your CocoaPods installation.\" >&2\n    exit 1\nfi\n";
			showEnvVarsInLog = 0;
		};
		5883E66A575480AA086CEF38 /* [CP] Check Pods Manifest.lock */ = {
			isa = PBXShellScriptBuildPhase;
			buildActionMask = 2147483647;
			files = (
			);
			inputPaths = (
			);
			name = "[CP] Check Pods Manifest.lock";
			outputPaths = (
			);
			runOnlyForDeploymentPostprocessing = 0;
			shellPath = /bin/sh;
			shellScript = "diff \"${PODS_ROOT}/../Podfile.lock\" \"${PODS_ROOT}/Manifest.lock\" > /dev/null\nif [ $? != 0 ] ; then\n    # print error to STDERR\n    echo \"error: The sandbox is not in sync with the Podfile.lock. Run 'pod install' or update your CocoaPods installation.\" >&2\n    exit 1\nfi\n";
			showEnvVarsInLog = 0;
		};
		5E8761DBC5466D5B7885BFA6 /* [CP] Copy Pods Resources */ = {
			isa = PBXShellScriptBuildPhase;
			buildActionMask = 2147483647;
			files = (
			);
			inputPaths = (
			);
			name = "[CP] Copy Pods Resources";
			outputPaths = (
			);
			runOnlyForDeploymentPostprocessing = 0;
			shellPath = /bin/sh;
			shellScript = "\"${SRCROOT}/Pods/Target Support Files/Pods-notGIFMessage/Pods-notGIFMessage-resources.sh\"\n";
			showEnvVarsInLog = 0;
		};
		A571311E5F498C2FF2121862 /* [CP] Copy Pods Resources */ = {
			isa = PBXShellScriptBuildPhase;
			buildActionMask = 2147483647;
			files = (
			);
			inputPaths = (
			);
			name = "[CP] Copy Pods Resources";
			outputPaths = (
			);
			runOnlyForDeploymentPostprocessing = 0;
			shellPath = /bin/sh;
			shellScript = "\"${SRCROOT}/Pods/Target Support Files/Pods-notGIF/Pods-notGIF-resources.sh\"\n";
			showEnvVarsInLog = 0;
		};
		C8E6FC6FAA8B3E9D33FB6B8A /* [CP] Embed Pods Frameworks */ = {
			isa = PBXShellScriptBuildPhase;
			buildActionMask = 2147483647;
			files = (
			);
			inputPaths = (
			);
			name = "[CP] Embed Pods Frameworks";
			outputPaths = (
			);
			runOnlyForDeploymentPostprocessing = 0;
			shellPath = /bin/sh;
			shellScript = "\"${SRCROOT}/Pods/Target Support Files/Pods-notGIF/Pods-notGIF-frameworks.sh\"\n";
			showEnvVarsInLog = 0;
		};
/* End PBXShellScriptBuildPhase section */

/* Begin PBXSourcesBuildPhase section */
		C947E0881DAA279900625B72 /* Sources */ = {
			isa = PBXSourcesBuildPhase;
			buildActionMask = 2147483647;
			files = (
				C9F861731DBD0BBA006B1221 /* ATAlert.swift in Sources */,
				C9F861631DBD0B1C006B1221 /* NotGIFImage.swift in Sources */,
				C9F861931DBD0BD6006B1221 /* GIFShareBar.swift in Sources */,
				C9F8618A1DBD0BD6006B1221 /* GIFDetailViewController.swift in Sources */,
				C947E0901DAA279900625B72 /* AppDelegate.swift in Sources */,
				C9F8616D1DBD0B1C006B1221 /* DebugLog.swift in Sources */,
				C9F8618E1DBD0BD6006B1221 /* FPSLabel.swift in Sources */,
				C9F861941DBD0BD6006B1221 /* StatusBarLoadingLayer.swift in Sources */,
				C9F8618F1DBD0BD6006B1221 /* GIFDetailViewCell.swift in Sources */,
				C9F861751DBD0BBA006B1221 /* FontAwesome.swift in Sources */,
				C9F861AF1DBF98F2006B1221 /* MBHUD.swift in Sources */,
				C9F8618D1DBD0BD6006B1221 /* SLRequestManger.swift in Sources */,
				C9F861891DBD0BD6006B1221 /* ComposeViewController.swift in Sources */,
				C9F8618B1DBD0BD6006B1221 /* GIFListViewController.swift in Sources */,
				C9F861921DBD0BD6006B1221 /* GIFLisViewCell.swift in Sources */,
				C9F861901DBD0BD6006B1221 /* GIFInfoLabel.swift in Sources */,
				C9F861671DBD0B1C006B1221 /* NotGIFLibrary.swift in Sources */,
				C9F861651DBD0B1C006B1221 /* NotGIFImageView.swift in Sources */,
				C9F8618C1DBD0BD6006B1221 /* OpenShare.swift in Sources */,
				C9F8616B1DBD0B1C006B1221 /* ATUtility.swift in Sources */,
				C9F861881DBD0BD6006B1221 /* AccountTableViewController.swift in Sources */,
				C9F861B31DC09503006B1221 /* GIFListLayout.swift in Sources */,
				C9F861BC1DC0C22B006B1221 /* IndicatorView.swift in Sources */,
				C9F861951DBD0BD6006B1221 /* StatusBarToast.swift in Sources */,
			);
			runOnlyForDeploymentPostprocessing = 0;
		};
		C9F860821DBD027E006B1221 /* Sources */ = {
			isa = PBXSourcesBuildPhase;
			buildActionMask = 2147483647;
			files = (
				C9F861A91DBD1046006B1221 /* MGIFLisViewCell.swift in Sources */,
				C9F861741DBD0BBA006B1221 /* ATAlert.swift in Sources */,
				C9F861641DBD0B1C006B1221 /* NotGIFImage.swift in Sources */,
				C9F861BD1DC0C22B006B1221 /* IndicatorView.swift in Sources */,
				C9F8608B1DBD027E006B1221 /* MessagesViewController.swift in Sources */,
				C9F8616E1DBD0B1C006B1221 /* DebugLog.swift in Sources */,
				C9F861B01DBF98F2006B1221 /* MBHUD.swift in Sources */,
				C9F861761DBD0BBA006B1221 /* FontAwesome.swift in Sources */,
				C9F861681DBD0B1C006B1221 /* NotGIFLibrary.swift in Sources */,
				C9F861B41DC09503006B1221 /* GIFListLayout.swift in Sources */,
				C9F861661DBD0B1C006B1221 /* NotGIFImageView.swift in Sources */,
				C9F861AB1DBD104F006B1221 /* MGIFListViewController.swift in Sources */,
				C9F8616C1DBD0B1C006B1221 /* ATUtility.swift in Sources */,
			);
			runOnlyForDeploymentPostprocessing = 0;
		};
/* End PBXSourcesBuildPhase section */

/* Begin PBXTargetDependency section */
		C9F860931DBD027E006B1221 /* PBXTargetDependency */ = {
			isa = PBXTargetDependency;
			target = C9F860851DBD027E006B1221 /* notGIFMessage */;
			targetProxy = C9F860921DBD027E006B1221 /* PBXContainerItemProxy */;
		};
/* End PBXTargetDependency section */

/* Begin PBXVariantGroup section */
		C947E0981DAA279900625B72 /* LaunchScreen.storyboard */ = {
			isa = PBXVariantGroup;
			children = (
				C947E0991DAA279900625B72 /* Base */,
			);
			name = LaunchScreen.storyboard;
			sourceTree = "<group>";
		};
		C9F8608C1DBD027E006B1221 /* MainInterface.storyboard */ = {
			isa = PBXVariantGroup;
			children = (
				C9F8608D1DBD027E006B1221 /* Base */,
			);
			name = MainInterface.storyboard;
			sourceTree = "<group>";
		};
/* End PBXVariantGroup section */

/* Begin XCBuildConfiguration section */
		C947E09C1DAA279900625B72 /* Debug */ = {
			isa = XCBuildConfiguration;
			buildSettings = {
				ALWAYS_SEARCH_USER_PATHS = NO;
				CLANG_ANALYZER_NONNULL = YES;
				CLANG_CXX_LANGUAGE_STANDARD = "gnu++0x";
				CLANG_CXX_LIBRARY = "libc++";
				CLANG_ENABLE_MODULES = YES;
				CLANG_ENABLE_OBJC_ARC = YES;
				CLANG_WARN_BOOL_CONVERSION = YES;
				CLANG_WARN_CONSTANT_CONVERSION = YES;
				CLANG_WARN_DIRECT_OBJC_ISA_USAGE = YES_ERROR;
				CLANG_WARN_DOCUMENTATION_COMMENTS = YES;
				CLANG_WARN_EMPTY_BODY = YES;
				CLANG_WARN_ENUM_CONVERSION = YES;
				CLANG_WARN_INFINITE_RECURSION = YES;
				CLANG_WARN_INT_CONVERSION = YES;
				CLANG_WARN_OBJC_ROOT_CLASS = YES_ERROR;
				CLANG_WARN_SUSPICIOUS_MOVES = NO;
				CLANG_WARN_UNREACHABLE_CODE = YES;
				CLANG_WARN__DUPLICATE_METHOD_MATCH = YES;
				"CODE_SIGN_IDENTITY[sdk=iphoneos*]" = "iPhone Developer";
				COPY_PHASE_STRIP = NO;
				DEBUG_INFORMATION_FORMAT = dwarf;
				ENABLE_STRICT_OBJC_MSGSEND = YES;
				ENABLE_TESTABILITY = YES;
				GCC_C_LANGUAGE_STANDARD = gnu99;
				GCC_DYNAMIC_NO_PIC = NO;
				GCC_NO_COMMON_BLOCKS = YES;
				GCC_OPTIMIZATION_LEVEL = 0;
				GCC_PREPROCESSOR_DEFINITIONS = (
					"DEBUG=1",
					"$(inherited)",
				);
				GCC_WARN_64_TO_32_BIT_CONVERSION = YES;
				GCC_WARN_ABOUT_RETURN_TYPE = YES_ERROR;
				GCC_WARN_UNDECLARED_SELECTOR = YES;
				GCC_WARN_UNINITIALIZED_AUTOS = YES_AGGRESSIVE;
				GCC_WARN_UNUSED_FUNCTION = YES;
				GCC_WARN_UNUSED_VARIABLE = YES;
				IPHONEOS_DEPLOYMENT_TARGET = 10.0;
				MTL_ENABLE_DEBUG_INFO = NO;
				ONLY_ACTIVE_ARCH = YES;
				SDKROOT = iphoneos;
				SWIFT_ACTIVE_COMPILATION_CONDITIONS = DEBUG;
				SWIFT_OPTIMIZATION_LEVEL = "-Onone";
			};
			name = Debug;
		};
		C947E09D1DAA279900625B72 /* Release */ = {
			isa = XCBuildConfiguration;
			buildSettings = {
				ALWAYS_SEARCH_USER_PATHS = NO;
				CLANG_ANALYZER_NONNULL = YES;
				CLANG_CXX_LANGUAGE_STANDARD = "gnu++0x";
				CLANG_CXX_LIBRARY = "libc++";
				CLANG_ENABLE_MODULES = YES;
				CLANG_ENABLE_OBJC_ARC = YES;
				CLANG_WARN_BOOL_CONVERSION = YES;
				CLANG_WARN_CONSTANT_CONVERSION = YES;
				CLANG_WARN_DIRECT_OBJC_ISA_USAGE = YES_ERROR;
				CLANG_WARN_DOCUMENTATION_COMMENTS = YES;
				CLANG_WARN_EMPTY_BODY = YES;
				CLANG_WARN_ENUM_CONVERSION = YES;
				CLANG_WARN_INFINITE_RECURSION = YES;
				CLANG_WARN_INT_CONVERSION = YES;
				CLANG_WARN_OBJC_ROOT_CLASS = YES_ERROR;
				CLANG_WARN_SUSPICIOUS_MOVES = YES;
				CLANG_WARN_UNREACHABLE_CODE = YES;
				CLANG_WARN__DUPLICATE_METHOD_MATCH = YES;
				"CODE_SIGN_IDENTITY[sdk=iphoneos*]" = "iPhone Developer";
				COPY_PHASE_STRIP = NO;
				DEBUG_INFORMATION_FORMAT = "dwarf-with-dsym";
				ENABLE_NS_ASSERTIONS = NO;
				ENABLE_STRICT_OBJC_MSGSEND = YES;
				GCC_C_LANGUAGE_STANDARD = gnu99;
				GCC_NO_COMMON_BLOCKS = YES;
				GCC_WARN_64_TO_32_BIT_CONVERSION = YES;
				GCC_WARN_ABOUT_RETURN_TYPE = YES_ERROR;
				GCC_WARN_UNDECLARED_SELECTOR = YES;
				GCC_WARN_UNINITIALIZED_AUTOS = YES_AGGRESSIVE;
				GCC_WARN_UNUSED_FUNCTION = YES;
				GCC_WARN_UNUSED_VARIABLE = YES;
				IPHONEOS_DEPLOYMENT_TARGET = 10.0;
				MTL_ENABLE_DEBUG_INFO = NO;
				SDKROOT = iphoneos;
				SWIFT_OPTIMIZATION_LEVEL = "-Owholemodule";
				VALIDATE_PRODUCT = YES;
			};
			name = Release;
		};
		C947E09F1DAA279900625B72 /* Debug */ = {
			isa = XCBuildConfiguration;
			baseConfigurationReference = 99390F0FC548DA7E562C6B7B /* Pods-notGIF.debug.xcconfig */;
			buildSettings = {
				ALWAYS_EMBED_SWIFT_STANDARD_LIBRARIES = YES;
				APPLICATION_EXTENSION_API_ONLY = NO;
				ASSETCATALOG_COMPILER_APPICON_NAME = AppIcon;
				CLANG_WARN_SUSPICIOUS_MOVES = NO;
				DEVELOPMENT_TEAM = HBGHZ85ABK;
				GCC_PREPROCESSOR_DEFINITIONS = (
					"$(inherited)",
					TARGET_IS_HOSTAPP,
					"COCOAPODS=1",
				);
				INFOPLIST_FILE = notGIF/Info.plist;
				IPHONEOS_DEPLOYMENT_TARGET = 9.0;
				LD_RUNPATH_SEARCH_PATHS = "$(inherited) @executable_path/Frameworks";
				MTL_ENABLE_DEBUG_INFO = NO;
				PRODUCT_BUNDLE_IDENTIFIER = atuo.notGIF;
				PRODUCT_NAME = "$(TARGET_NAME)";
				SWIFT_VERSION = 3.0;
			};
			name = Debug;
		};
		C947E0A01DAA279900625B72 /* Release */ = {
			isa = XCBuildConfiguration;
			baseConfigurationReference = 5E83B6C1B2758C67408FBD2A /* Pods-notGIF.release.xcconfig */;
			buildSettings = {
				ALWAYS_EMBED_SWIFT_STANDARD_LIBRARIES = YES;
				APPLICATION_EXTENSION_API_ONLY = NO;
				ASSETCATALOG_COMPILER_APPICON_NAME = AppIcon;
				DEVELOPMENT_TEAM = HBGHZ85ABK;
				GCC_PREPROCESSOR_DEFINITIONS = (
					"$(inherited)",
					TARGET_IS_HOSTAPP,
					"COCOAPODS=1",
				);
				INFOPLIST_FILE = notGIF/Info.plist;
				IPHONEOS_DEPLOYMENT_TARGET = 9.0;
				LD_RUNPATH_SEARCH_PATHS = "$(inherited) @executable_path/Frameworks";
				PRODUCT_BUNDLE_IDENTIFIER = atuo.notGIF;
				PRODUCT_NAME = "$(TARGET_NAME)";
				SWIFT_VERSION = 3.0;
			};
			name = Release;
		};
		C9F860961DBD027E006B1221 /* Debug */ = {
			isa = XCBuildConfiguration;
			baseConfigurationReference = 117F574B007756B6F4EC37EA /* Pods-notGIFMessage.debug.xcconfig */;
			buildSettings = {
				APPLICATION_EXTENSION_API_ONLY = NO;
				ASSETCATALOG_COMPILER_APPICON_NAME = "iMessage App Icon";
				CLANG_WARN_SUSPICIOUS_MOVES = YES;
				DEVELOPMENT_TEAM = HBGHZ85ABK;
				GCC_PREPROCESSOR_DEFINITIONS = (
					"$(inherited)",
					"COCOAPODS=1",
					TARGET_IS_EXTENSION,
				);
				INFOPLIST_FILE = notGIFMessage/Info.plist;
				IPHONEOS_DEPLOYMENT_TARGET = 10.0;
				LD_RUNPATH_SEARCH_PATHS = "$(inherited) @executable_path/Frameworks @executable_path/../../Frameworks";
				MTL_ENABLE_DEBUG_INFO = YES;
				PRODUCT_BUNDLE_IDENTIFIER = atuo.notGIF.notGIFMessage;
				PRODUCT_NAME = "$(TARGET_NAME)";
				SKIP_INSTALL = YES;
				SWIFT_VERSION = 3.0;
			};
			name = Debug;
		};
		C9F860971DBD027E006B1221 /* Release */ = {
			isa = XCBuildConfiguration;
			baseConfigurationReference = 25FEBD5B3FC0320DFA349F80 /* Pods-notGIFMessage.release.xcconfig */;
			buildSettings = {
				APPLICATION_EXTENSION_API_ONLY = NO;
				ASSETCATALOG_COMPILER_APPICON_NAME = "iMessage App Icon";
				DEVELOPMENT_TEAM = HBGHZ85ABK;
				GCC_PREPROCESSOR_DEFINITIONS = (
					"$(inherited)",
					"COCOAPODS=1",
					TARGET_IS_EXTENSION,
				);
				INFOPLIST_FILE = notGIFMessage/Info.plist;
				IPHONEOS_DEPLOYMENT_TARGET = 10.0;
				LD_RUNPATH_SEARCH_PATHS = "$(inherited) @executable_path/Frameworks @executable_path/../../Frameworks";
				PRODUCT_BUNDLE_IDENTIFIER = atuo.notGIF.notGIFMessage;
				PRODUCT_NAME = "$(TARGET_NAME)";
				SKIP_INSTALL = YES;
				SWIFT_VERSION = 3.0;
			};
			name = Release;
		};
/* End XCBuildConfiguration section */

/* Begin XCConfigurationList section */
		C947E0871DAA279900625B72 /* Build configuration list for PBXProject "notGIF" */ = {
			isa = XCConfigurationList;
			buildConfigurations = (
				C947E09C1DAA279900625B72 /* Debug */,
				C947E09D1DAA279900625B72 /* Release */,
			);
			defaultConfigurationIsVisible = 0;
			defaultConfigurationName = Release;
		};
		C947E09E1DAA279900625B72 /* Build configuration list for PBXNativeTarget "notGIF" */ = {
			isa = XCConfigurationList;
			buildConfigurations = (
				C947E09F1DAA279900625B72 /* Debug */,
				C947E0A01DAA279900625B72 /* Release */,
			);
			defaultConfigurationIsVisible = 0;
			defaultConfigurationName = Release;
		};
		C9F860951DBD027E006B1221 /* Build configuration list for PBXNativeTarget "notGIFMessage" */ = {
			isa = XCConfigurationList;
			buildConfigurations = (
				C9F860961DBD027E006B1221 /* Debug */,
				C9F860971DBD027E006B1221 /* Release */,
			);
			defaultConfigurationIsVisible = 0;
			defaultConfigurationName = Release;
		};
/* End XCConfigurationList section */
	};
	rootObject = C947E0841DAA279900625B72 /* Project object */;
}
