// !$*UTF8*$!
{
	archiveVersion = 1;
	classes = {
	};
	objectVersion = 46;
	objects = {

/* Begin PBXBuildFile section */
		C94FE72E1D75D4F3003189D4 /* AppDelegate.swift in Sources */ = {isa = PBXBuildFile; fileRef = C94FE72D1D75D4F3003189D4 /* AppDelegate.swift */; };
		C94FE7301D75D4F3003189D4 /* ViewController.swift in Sources */ = {isa = PBXBuildFile; fileRef = C94FE72F1D75D4F3003189D4 /* ViewController.swift */; };
		C94FE7331D75D4F3003189D4 /* Main.storyboard in Resources */ = {isa = PBXBuildFile; fileRef = C94FE7311D75D4F3003189D4 /* Main.storyboard */; };
		C94FE7351D75D4F3003189D4 /* Assets.xcassets in Resources */ = {isa = PBXBuildFile; fileRef = C94FE7341D75D4F3003189D4 /* Assets.xcassets */; };
		C94FE7381D75D4F3003189D4 /* LaunchScreen.storyboard in Resources */ = {isa = PBXBuildFile; fileRef = C94FE7361D75D4F3003189D4 /* LaunchScreen.storyboard */; };
		C94FE7431D75D4F4003189D4 /* notGIFTests.swift in Sources */ = {isa = PBXBuildFile; fileRef = C94FE7421D75D4F4003189D4 /* notGIFTests.swift */; };
		C94FE74E1D75D4F4003189D4 /* notGIFUITests.swift in Sources */ = {isa = PBXBuildFile; fileRef = C94FE74D1D75D4F4003189D4 /* notGIFUITests.swift */; };
/* End PBXBuildFile section */

/* Begin PBXContainerItemProxy section */
		C94FE73F1D75D4F4003189D4 /* PBXContainerItemProxy */ = {
			isa = PBXContainerItemProxy;
			containerPortal = C94FE7221D75D4F3003189D4 /* Project object */;
			proxyType = 1;
			remoteGlobalIDString = C94FE7291D75D4F3003189D4;
			remoteInfo = notGIF;
		};
		C94FE74A1D75D4F4003189D4 /* PBXContainerItemProxy */ = {
			isa = PBXContainerItemProxy;
			containerPortal = C94FE7221D75D4F3003189D4 /* Project object */;
			proxyType = 1;
			remoteGlobalIDString = C94FE7291D75D4F3003189D4;
			remoteInfo = notGIF;
		};
/* End PBXContainerItemProxy section */

/* Begin PBXFileReference section */
		C94FE72A1D75D4F3003189D4 /* notGIF.app */ = {isa = PBXFileReference; explicitFileType = wrapper.application; includeInIndex = 0; path = notGIF.app; sourceTree = BUILT_PRODUCTS_DIR; };
		C94FE72D1D75D4F3003189D4 /* AppDelegate.swift */ = {isa = PBXFileReference; lastKnownFileType = sourcecode.swift; path = AppDelegate.swift; sourceTree = "<group>"; };
		C94FE72F1D75D4F3003189D4 /* ViewController.swift */ = {isa = PBXFileReference; lastKnownFileType = sourcecode.swift; path = ViewController.swift; sourceTree = "<group>"; };
		C94FE7321D75D4F3003189D4 /* Base */ = {isa = PBXFileReference; lastKnownFileType = file.storyboard; name = Base; path = Base.lproj/Main.storyboard; sourceTree = "<group>"; };
		C94FE7341D75D4F3003189D4 /* Assets.xcassets */ = {isa = PBXFileReference; lastKnownFileType = folder.assetcatalog; path = Assets.xcassets; sourceTree = "<group>"; };
		C94FE7371D75D4F3003189D4 /* Base */ = {isa = PBXFileReference; lastKnownFileType = file.storyboard; name = Base; path = Base.lproj/LaunchScreen.storyboard; sourceTree = "<group>"; };
		C94FE7391D75D4F3003189D4 /* Info.plist */ = {isa = PBXFileReference; lastKnownFileType = text.plist.xml; path = Info.plist; sourceTree = "<group>"; };
		C94FE73E1D75D4F4003189D4 /* notGIFTests.xctest */ = {isa = PBXFileReference; explicitFileType = wrapper.cfbundle; includeInIndex = 0; path = notGIFTests.xctest; sourceTree = BUILT_PRODUCTS_DIR; };
		C94FE7421D75D4F4003189D4 /* notGIFTests.swift */ = {isa = PBXFileReference; lastKnownFileType = sourcecode.swift; path = notGIFTests.swift; sourceTree = "<group>"; };
		C94FE7441D75D4F4003189D4 /* Info.plist */ = {isa = PBXFileReference; lastKnownFileType = text.plist.xml; path = Info.plist; sourceTree = "<group>"; };
		C94FE7491D75D4F4003189D4 /* notGIFUITests.xctest */ = {isa = PBXFileReference; explicitFileType = wrapper.cfbundle; includeInIndex = 0; path = notGIFUITests.xctest; sourceTree = BUILT_PRODUCTS_DIR; };
		C94FE74D1D75D4F4003189D4 /* notGIFUITests.swift */ = {isa = PBXFileReference; lastKnownFileType = sourcecode.swift; path = notGIFUITests.swift; sourceTree = "<group>"; };
		C94FE74F1D75D4F4003189D4 /* Info.plist */ = {isa = PBXFileReference; lastKnownFileType = text.plist.xml; path = Info.plist; sourceTree = "<group>"; };
/* End PBXFileReference section */

/* Begin PBXFrameworksBuildPhase section */
		C94FE7271D75D4F3003189D4 /* Frameworks */ = {
			isa = PBXFrameworksBuildPhase;
			buildActionMask = 2147483647;
			files = (
			);
			runOnlyForDeploymentPostprocessing = 0;
		};
		C94FE73B1D75D4F4003189D4 /* Frameworks */ = {
			isa = PBXFrameworksBuildPhase;
			buildActionMask = 2147483647;
			files = (
			);
			runOnlyForDeploymentPostprocessing = 0;
		};
		C94FE7461D75D4F4003189D4 /* Frameworks */ = {
			isa = PBXFrameworksBuildPhase;
			buildActionMask = 2147483647;
			files = (
			);
			runOnlyForDeploymentPostprocessing = 0;
		};
/* End PBXFrameworksBuildPhase section */

/* Begin PBXGroup section */
		C94FE7211D75D4F3003189D4 = {
			isa = PBXGroup;
			children = (
				C94FE72C1D75D4F3003189D4 /* notGIF */,
				C94FE75B1D75D516003189D4 /* notGIFTest */,
				C94FE72B1D75D4F3003189D4 /* Products */,
			);
			sourceTree = "<group>";
		};
		C94FE72B1D75D4F3003189D4 /* Products */ = {
			isa = PBXGroup;
			children = (
				C94FE72A1D75D4F3003189D4 /* notGIF.app */,
				C94FE73E1D75D4F4003189D4 /* notGIFTests.xctest */,
				C94FE7491D75D4F4003189D4 /* notGIFUITests.xctest */,
			);
			name = Products;
			sourceTree = "<group>";
		};
		C94FE72C1D75D4F3003189D4 /* notGIF */ = {
			isa = PBXGroup;
			children = (
				C94FE72D1D75D4F3003189D4 /* AppDelegate.swift */,
				C94FE72F1D75D4F3003189D4 /* ViewController.swift */,
				C94FE75C1D75D54B003189D4 /* Supporthings */,
			);
			path = notGIF;
			sourceTree = "<group>";
		};
		C94FE7411D75D4F4003189D4 /* notGIFTests */ = {
			isa = PBXGroup;
			children = (
				C94FE7421D75D4F4003189D4 /* notGIFTests.swift */,
				C94FE7441D75D4F4003189D4 /* Info.plist */,
			);
			path = notGIFTests;
			sourceTree = "<group>";
		};
		C94FE74C1D75D4F4003189D4 /* notGIFUITests */ = {
			isa = PBXGroup;
			children = (
				C94FE74D1D75D4F4003189D4 /* notGIFUITests.swift */,
				C94FE74F1D75D4F4003189D4 /* Info.plist */,
			);
			path = notGIFUITests;
			sourceTree = SOURCE_ROOT;
		};
		C94FE75B1D75D516003189D4 /* notGIFTest */ = {
			isa = PBXGroup;
			children = (
				C94FE7411D75D4F4003189D4 /* notGIFTests */,
				C94FE74C1D75D4F4003189D4 /* notGIFUITests */,
			);
			name = notGIFTest;
			sourceTree = "<group>";
		};
		C94FE75C1D75D54B003189D4 /* Supporthings */ = {
			isa = PBXGroup;
			children = (
				C94FE7361D75D4F3003189D4 /* LaunchScreen.storyboard */,
				C94FE7311D75D4F3003189D4 /* Main.storyboard */,
				C94FE7341D75D4F3003189D4 /* Assets.xcassets */,
				C94FE7391D75D4F3003189D4 /* Info.plist */,
			);
			name = Supporthings;
			sourceTree = "<group>";
		};
/* End PBXGroup section */

/* Begin PBXNativeTarget section */
		C94FE7291D75D4F3003189D4 /* notGIF */ = {
			isa = PBXNativeTarget;
			buildConfigurationList = C94FE7521D75D4F4003189D4 /* Build configuration list for PBXNativeTarget "notGIF" */;
			buildPhases = (
				C94FE7261D75D4F3003189D4 /* Sources */,
				C94FE7271D75D4F3003189D4 /* Frameworks */,
				C94FE7281D75D4F3003189D4 /* Resources */,
			);
			buildRules = (
			);
			dependencies = (
			);
			name = notGIF;
			productName = notGIF;
			productReference = C94FE72A1D75D4F3003189D4 /* notGIF.app */;
			productType = "com.apple.product-type.application";
		};
		C94FE73D1D75D4F4003189D4 /* notGIFTests */ = {
			isa = PBXNativeTarget;
			buildConfigurationList = C94FE7551D75D4F4003189D4 /* Build configuration list for PBXNativeTarget "notGIFTests" */;
			buildPhases = (
				C94FE73A1D75D4F4003189D4 /* Sources */,
				C94FE73B1D75D4F4003189D4 /* Frameworks */,
				C94FE73C1D75D4F4003189D4 /* Resources */,
			);
			buildRules = (
			);
			dependencies = (
				C94FE7401D75D4F4003189D4 /* PBXTargetDependency */,
			);
			name = notGIFTests;
			productName = notGIFTests;
			productReference = C94FE73E1D75D4F4003189D4 /* notGIFTests.xctest */;
			productType = "com.apple.product-type.bundle.unit-test";
		};
		C94FE7481D75D4F4003189D4 /* notGIFUITests */ = {
			isa = PBXNativeTarget;
			buildConfigurationList = C94FE7581D75D4F4003189D4 /* Build configuration list for PBXNativeTarget "notGIFUITests" */;
			buildPhases = (
				C94FE7451D75D4F4003189D4 /* Sources */,
				C94FE7461D75D4F4003189D4 /* Frameworks */,
				C94FE7471D75D4F4003189D4 /* Resources */,
			);
			buildRules = (
			);
			dependencies = (
				C94FE74B1D75D4F4003189D4 /* PBXTargetDependency */,
			);
			name = notGIFUITests;
			productName = notGIFUITests;
			productReference = C94FE7491D75D4F4003189D4 /* notGIFUITests.xctest */;
			productType = "com.apple.product-type.bundle.ui-testing";
		};
/* End PBXNativeTarget section */

/* Begin PBXProject section */
		C94FE7221D75D4F3003189D4 /* Project object */ = {
			isa = PBXProject;
			attributes = {
				LastSwiftUpdateCheck = 0800;
				LastUpgradeCheck = 0800;
				ORGANIZATIONNAME = xyz;
				TargetAttributes = {
					C94FE7291D75D4F3003189D4 = {
						CreatedOnToolsVersion = 8.0;
						DevelopmentTeam = HBGHZ85ABK;
						ProvisioningStyle = Automatic;
					};
					C94FE73D1D75D4F4003189D4 = {
						CreatedOnToolsVersion = 8.0;
						DevelopmentTeam = HBGHZ85ABK;
						ProvisioningStyle = Automatic;
						TestTargetID = C94FE7291D75D4F3003189D4;
					};
					C94FE7481D75D4F4003189D4 = {
						CreatedOnToolsVersion = 8.0;
						DevelopmentTeam = HBGHZ85ABK;
						ProvisioningStyle = Automatic;
						TestTargetID = C94FE7291D75D4F3003189D4;
					};
				};
			};
			buildConfigurationList = C94FE7251D75D4F3003189D4 /* Build configuration list for PBXProject "notGIF" */;
			compatibilityVersion = "Xcode 3.2";
			developmentRegion = English;
			hasScannedForEncodings = 0;
			knownRegions = (
				en,
				Base,
			);
			mainGroup = C94FE7211D75D4F3003189D4;
			productRefGroup = C94FE72B1D75D4F3003189D4 /* Products */;
			projectDirPath = "";
			projectRoot = "";
			targets = (
				C94FE7291D75D4F3003189D4 /* notGIF */,
				C94FE73D1D75D4F4003189D4 /* notGIFTests */,
				C94FE7481D75D4F4003189D4 /* notGIFUITests */,
			);
		};
/* End PBXProject section */

/* Begin PBXResourcesBuildPhase section */
		C94FE7281D75D4F3003189D4 /* Resources */ = {
			isa = PBXResourcesBuildPhase;
			buildActionMask = 2147483647;
			files = (
				C94FE7381D75D4F3003189D4 /* LaunchScreen.storyboard in Resources */,
				C94FE7351D75D4F3003189D4 /* Assets.xcassets in Resources */,
				C94FE7331D75D4F3003189D4 /* Main.storyboard in Resources */,
			);
			runOnlyForDeploymentPostprocessing = 0;
		};
		C94FE73C1D75D4F4003189D4 /* Resources */ = {
			isa = PBXResourcesBuildPhase;
			buildActionMask = 2147483647;
			files = (
			);
			runOnlyForDeploymentPostprocessing = 0;
		};
		C94FE7471D75D4F4003189D4 /* Resources */ = {
			isa = PBXResourcesBuildPhase;
			buildActionMask = 2147483647;
			files = (
			);
			runOnlyForDeploymentPostprocessing = 0;
		};
/* End PBXResourcesBuildPhase section */

/* Begin PBXSourcesBuildPhase section */
		C94FE7261D75D4F3003189D4 /* Sources */ = {
			isa = PBXSourcesBuildPhase;
			buildActionMask = 2147483647;
			files = (
				C94FE7301D75D4F3003189D4 /* ViewController.swift in Sources */,
				C94FE72E1D75D4F3003189D4 /* AppDelegate.swift in Sources */,
			);
			runOnlyForDeploymentPostprocessing = 0;
		};
		C94FE73A1D75D4F4003189D4 /* Sources */ = {
			isa = PBXSourcesBuildPhase;
			buildActionMask = 2147483647;
			files = (
				C94FE7431D75D4F4003189D4 /* notGIFTests.swift in Sources */,
			);
			runOnlyForDeploymentPostprocessing = 0;
		};
		C94FE7451D75D4F4003189D4 /* Sources */ = {
			isa = PBXSourcesBuildPhase;
			buildActionMask = 2147483647;
			files = (
				C94FE74E1D75D4F4003189D4 /* notGIFUITests.swift in Sources */,
			);
			runOnlyForDeploymentPostprocessing = 0;
		};
/* End PBXSourcesBuildPhase section */

/* Begin PBXTargetDependency section */
		C94FE7401D75D4F4003189D4 /* PBXTargetDependency */ = {
			isa = PBXTargetDependency;
			target = C94FE7291D75D4F3003189D4 /* notGIF */;
			targetProxy = C94FE73F1D75D4F4003189D4 /* PBXContainerItemProxy */;
		};
		C94FE74B1D75D4F4003189D4 /* PBXTargetDependency */ = {
			isa = PBXTargetDependency;
			target = C94FE7291D75D4F3003189D4 /* notGIF */;
			targetProxy = C94FE74A1D75D4F4003189D4 /* PBXContainerItemProxy */;
		};
/* End PBXTargetDependency section */

/* Begin PBXVariantGroup section */
		C94FE7311D75D4F3003189D4 /* Main.storyboard */ = {
			isa = PBXVariantGroup;
			children = (
				C94FE7321D75D4F3003189D4 /* Base */,
			);
			name = Main.storyboard;
			sourceTree = "<group>";
		};
		C94FE7361D75D4F3003189D4 /* LaunchScreen.storyboard */ = {
			isa = PBXVariantGroup;
			children = (
				C94FE7371D75D4F3003189D4 /* Base */,
			);
			name = LaunchScreen.storyboard;
			sourceTree = "<group>";
		};
/* End PBXVariantGroup section */

/* Begin XCBuildConfiguration section */
		C94FE7501D75D4F4003189D4 /* Debug */ = {
			isa = XCBuildConfiguration;
			buildSettings = {
				ALWAYS_SEARCH_USER_PATHS = NO;
				CLANG_ANALYZER_NONNULL = YES;
				CLANG_CXX_LANGUAGE_STANDARD = "gnu++0x";
				CLANG_CXX_LIBRARY = "libc++";
				CLANG_ENABLE_MODULES = YES;
				CLANG_ENABLE_OBJC_ARC = YES;
				CLANG_WARN_BOOL_CONVERSION = YES;
				CLANG_WARN_CONSTANT_CONVERSION = YES;
				CLANG_WARN_DIRECT_OBJC_ISA_USAGE = YES_ERROR;
				CLANG_WARN_DOCUMENTATION_COMMENTS = YES;
				CLANG_WARN_EMPTY_BODY = YES;
				CLANG_WARN_ENUM_CONVERSION = YES;
				CLANG_WARN_INFINITE_RECURSION = YES;
				CLANG_WARN_INT_CONVERSION = YES;
				CLANG_WARN_OBJC_ROOT_CLASS = YES_ERROR;
				CLANG_WARN_SUSPICIOUS_MOVES = YES;
				CLANG_WARN_UNREACHABLE_CODE = YES;
				CLANG_WARN__DUPLICATE_METHOD_MATCH = YES;
				"CODE_SIGN_IDENTITY[sdk=iphoneos*]" = "iPhone Developer";
				COPY_PHASE_STRIP = NO;
				DEBUG_INFORMATION_FORMAT = dwarf;
				ENABLE_STRICT_OBJC_MSGSEND = YES;
				ENABLE_TESTABILITY = YES;
				GCC_C_LANGUAGE_STANDARD = gnu99;
				GCC_DYNAMIC_NO_PIC = NO;
				GCC_NO_COMMON_BLOCKS = YES;
				GCC_OPTIMIZATION_LEVEL = 0;
				GCC_PREPROCESSOR_DEFINITIONS = (
					"DEBUG=1",
					"$(inherited)",
				);
				GCC_WARN_64_TO_32_BIT_CONVERSION = YES;
				GCC_WARN_ABOUT_RETURN_TYPE = YES_ERROR;
				GCC_WARN_UNDECLARED_SELECTOR = YES;
				GCC_WARN_UNINITIALIZED_AUTOS = YES_AGGRESSIVE;
				GCC_WARN_UNUSED_FUNCTION = YES;
				GCC_WARN_UNUSED_VARIABLE = YES;
				IPHONEOS_DEPLOYMENT_TARGET = 10.0;
				MTL_ENABLE_DEBUG_INFO = YES;
				ONLY_ACTIVE_ARCH = YES;
				SDKROOT = iphoneos;
				SWIFT_ACTIVE_COMPILATION_CONDITIONS = DEBUG;
				SWIFT_OPTIMIZATION_LEVEL = "-Onone";
			};
			name = Debug;
		};
		C94FE7511D75D4F4003189D4 /* Release */ = {
			isa = XCBuildConfiguration;
			buildSettings = {
				ALWAYS_SEARCH_USER_PATHS = NO;
				CLANG_ANALYZER_NONNULL = YES;
				CLANG_CXX_LANGUAGE_STANDARD = "gnu++0x";
				CLANG_CXX_LIBRARY = "libc++";
				CLANG_ENABLE_MODULES = YES;
				CLANG_ENABLE_OBJC_ARC = YES;
				CLANG_WARN_BOOL_CONVERSION = YES;
				CLANG_WARN_CONSTANT_CONVERSION = YES;
				CLANG_WARN_DIRECT_OBJC_ISA_USAGE = YES_ERROR;
				CLANG_WARN_DOCUMENTATION_COMMENTS = YES;
				CLANG_WARN_EMPTY_BODY = YES;
				CLANG_WARN_ENUM_CONVERSION = YES;
				CLANG_WARN_INFINITE_RECURSION = YES;
				CLANG_WARN_INT_CONVERSION = YES;
				CLANG_WARN_OBJC_ROOT_CLASS = YES_ERROR;
				CLANG_WARN_SUSPICIOUS_MOVES = YES;
				CLANG_WARN_UNREACHABLE_CODE = YES;
				CLANG_WARN__DUPLICATE_METHOD_MATCH = YES;
				"CODE_SIGN_IDENTITY[sdk=iphoneos*]" = "iPhone Developer";
				COPY_PHASE_STRIP = NO;
				DEBUG_INFORMATION_FORMAT = "dwarf-with-dsym";
				ENABLE_NS_ASSERTIONS = NO;
				ENABLE_STRICT_OBJC_MSGSEND = YES;
				GCC_C_LANGUAGE_STANDARD = gnu99;
				GCC_NO_COMMON_BLOCKS = YES;
				GCC_WARN_64_TO_32_BIT_CONVERSION = YES;
				GCC_WARN_ABOUT_RETURN_TYPE = YES_ERROR;
				GCC_WARN_UNDECLARED_SELECTOR = YES;
				GCC_WARN_UNINITIALIZED_AUTOS = YES_AGGRESSIVE;
				GCC_WARN_UNUSED_FUNCTION = YES;
				GCC_WARN_UNUSED_VARIABLE = YES;
				IPHONEOS_DEPLOYMENT_TARGET = 10.0;
				MTL_ENABLE_DEBUG_INFO = NO;
				SDKROOT = iphoneos;
				SWIFT_OPTIMIZATION_LEVEL = "-Owholemodule";
				VALIDATE_PRODUCT = YES;
			};
			name = Release;
		};
		C94FE7531D75D4F4003189D4 /* Debug */ = {
			isa = XCBuildConfiguration;
			buildSettings = {
				ASSETCATALOG_COMPILER_APPICON_NAME = AppIcon;
				DEVELOPMENT_TEAM = HBGHZ85ABK;
				INFOPLIST_FILE = notGIF/Info.plist;
				LD_RUNPATH_SEARCH_PATHS = "$(inherited) @executable_path/Frameworks";
				PRODUCT_BUNDLE_IDENTIFIER = atuo.notGIF;
				PRODUCT_NAME = "$(TARGET_NAME)";
				SWIFT_VERSION = 3.0;
			};
			name = Debug;
		};
		C94FE7541D75D4F4003189D4 /* Release */ = {
			isa = XCBuildConfiguration;
			buildSettings = {
				ASSETCATALOG_COMPILER_APPICON_NAME = AppIcon;
				DEVELOPMENT_TEAM = HBGHZ85ABK;
				INFOPLIST_FILE = notGIF/Info.plist;
				LD_RUNPATH_SEARCH_PATHS = "$(inherited) @executable_path/Frameworks";
				PRODUCT_BUNDLE_IDENTIFIER = atuo.notGIF;
				PRODUCT_NAME = "$(TARGET_NAME)";
				SWIFT_VERSION = 3.0;
			};
			name = Release;
		};
		C94FE7561D75D4F4003189D4 /* Debug */ = {
			isa = XCBuildConfiguration;
			buildSettings = {
				BUNDLE_LOADER = "$(TEST_HOST)";
				DEVELOPMENT_TEAM = HBGHZ85ABK;
				INFOPLIST_FILE = notGIFTests/Info.plist;
				LD_RUNPATH_SEARCH_PATHS = "$(inherited) @executable_path/Frameworks @loader_path/Frameworks";
				PRODUCT_BUNDLE_IDENTIFIER = atuo.notGIFTests;
				PRODUCT_NAME = "$(TARGET_NAME)";
				SWIFT_VERSION = 3.0;
				TEST_HOST = "$(BUILT_PRODUCTS_DIR)/notGIF.app/notGIF";
			};
			name = Debug;
		};
		C94FE7571D75D4F4003189D4 /* Release */ = {
			isa = XCBuildConfiguration;
			buildSettings = {
				BUNDLE_LOADER = "$(TEST_HOST)";
				DEVELOPMENT_TEAM = HBGHZ85ABK;
				INFOPLIST_FILE = notGIFTests/Info.plist;
				LD_RUNPATH_SEARCH_PATHS = "$(inherited) @executable_path/Frameworks @loader_path/Frameworks";
				PRODUCT_BUNDLE_IDENTIFIER = atuo.notGIFTests;
				PRODUCT_NAME = "$(TARGET_NAME)";
				SWIFT_VERSION = 3.0;
				TEST_HOST = "$(BUILT_PRODUCTS_DIR)/notGIF.app/notGIF";
			};
			name = Release;
		};
		C94FE7591D75D4F4003189D4 /* Debug */ = {
			isa = XCBuildConfiguration;
			buildSettings = {
				DEVELOPMENT_TEAM = HBGHZ85ABK;
				INFOPLIST_FILE = notGIFUITests/Info.plist;
				LD_RUNPATH_SEARCH_PATHS = "$(inherited) @executable_path/Frameworks @loader_path/Frameworks";
				PRODUCT_BUNDLE_IDENTIFIER = atuo.notGIFUITests;
				PRODUCT_NAME = "$(TARGET_NAME)";
				SWIFT_VERSION = 3.0;
				TEST_TARGET_NAME = notGIF;
			};
			name = Debug;
		};
		C94FE75A1D75D4F4003189D4 /* Release */ = {
			isa = XCBuildConfiguration;
			buildSettings = {
				DEVELOPMENT_TEAM = HBGHZ85ABK;
				INFOPLIST_FILE = notGIFUITests/Info.plist;
				LD_RUNPATH_SEARCH_PATHS = "$(inherited) @executable_path/Frameworks @loader_path/Frameworks";
				PRODUCT_BUNDLE_IDENTIFIER = atuo.notGIFUITests;
				PRODUCT_NAME = "$(TARGET_NAME)";
				SWIFT_VERSION = 3.0;
				TEST_TARGET_NAME = notGIF;
			};
			name = Release;
		};
/* End XCBuildConfiguration section */

/* Begin XCConfigurationList section */
		C94FE7251D75D4F3003189D4 /* Build configuration list for PBXProject "notGIF" */ = {
			isa = XCConfigurationList;
			buildConfigurations = (
				C94FE7501D75D4F4003189D4 /* Debug */,
				C94FE7511D75D4F4003189D4 /* Release */,
			);
			defaultConfigurationIsVisible = 0;
			defaultConfigurationName = Release;
		};
		C94FE7521D75D4F4003189D4 /* Build configuration list for PBXNativeTarget "notGIF" */ = {
			isa = XCConfigurationList;
			buildConfigurations = (
				C94FE7531D75D4F4003189D4 /* Debug */,
				C94FE7541D75D4F4003189D4 /* Release */,
			);
			defaultConfigurationIsVisible = 0;
		};
		C94FE7551D75D4F4003189D4 /* Build configuration list for PBXNativeTarget "notGIFTests" */ = {
			isa = XCConfigurationList;
			buildConfigurations = (
				C94FE7561D75D4F4003189D4 /* Debug */,
				C94FE7571D75D4F4003189D4 /* Release */,
			);
			defaultConfigurationIsVisible = 0;
		};
		C94FE7581D75D4F4003189D4 /* Build configuration list for PBXNativeTarget "notGIFUITests" */ = {
			isa = XCConfigurationList;
			buildConfigurations = (
				C94FE7591D75D4F4003189D4 /* Debug */,
				C94FE75A1D75D4F4003189D4 /* Release */,
			);
			defaultConfigurationIsVisible = 0;
		};
/* End XCConfigurationList section */
	};
	rootObject = C94FE7221D75D4F3003189D4 /* Project object */;
}
